
Microsoft Visual Studio Solution File, Format Version 12.00
# Visual Studio 15
VisualStudioVersion = 15.0.28307.779
MinimumVisualStudioVersion = 10.0.40219.1
Project("{8BC9CEB8-8B4A-11D0-8D11-00A0C91BC942}") = "Project22", "Project22\Project22.vcxproj", "{39E3E8FA-D810-46BD-9C5A-47501352B212}"
EndProject
Global
	GlobalSection(SolutionConfigurationPlatforms) = preSolution
		Debug|x64 = Debug|x64
		Debug|x86 = Debug|x86
		Release|x64 = Release|x64
		Release|x86 = Release|x86
	EndGlobalSection
	GlobalSection(ProjectConfigurationPlatforms) = postSolution
		{39E3E8FA-D810-46BD-9C5A-47501352B212}.Debug|x64.ActiveCfg = Debug|x64
		{39E3E8FA-D810-46BD-9C5A-47501352B212}.Debug|x64.Build.0 = Debug|x64
		{39E3E8FA-D810-46BD-9C5A-47501352B212}.Debug|x86.ActiveCfg = Debug|Win32
		{39E3E8FA-D810-46BD-9C5A-47501352B212}.Debug|x86.Build.0 = Debug|Win32
		{39E3E8FA-D810-46BD-9C5A-47501352B212}.Release|x64.ActiveCfg = Release|x64
		{39E3E8FA-D810-46BD-9C5A-47501352B212}.Release|x64.Build.0 = Release|x64
		{39E3E8FA-D810-46BD-9C5A-47501352B212}.Release|x86.ActiveCfg = Release|Win32
		{39E3E8FA-D810-46BD-9C5A-47501352B212}.Release|x86.Build.0 = Release|Win32
	EndGlobalSection
	GlobalSection(SolutionProperties) = preSolution
		HideSolutionNode = FALSE
	EndGlobalSection
	GlobalSection(ExtensibilityGlobals) = postSolution
		SolutionGuid = {C271C498-AAFF-40FE-84E6-84C132FC6388}
	EndGlobalSection
EndGlobal
